
Microsoft Visual Studio Solution File, Format Version 12.00
# Visual Studio Version 16
VisualStudioVersion = 16.0.34301.259
MinimumVisualStudioVersion = 10.0.40219.1
Project("{FAE04EC0-301F-11D3-BF4B-00C04F79EFBC}") = "Protfolio", "Protfolio\Protfolio.csproj", "{AC2B4AEA-F88E-48A3-914E-D0A865DD0EF2}"
EndProject
Global
	GlobalSection(SolutionConfigurationPlatforms) = preSolution
		Debug|Any CPU = Debug|Any CPU
		Release|Any CPU = Release|Any CPU
	EndGlobalSection
	GlobalSection(ProjectConfigurationPlatforms) = postSolution
		{AC2B4AEA-F88E-48A3-914E-D0A865DD0EF2}.Debug|Any CPU.ActiveCfg = Debug|Any CPU
		{AC2B4AEA-F88E-48A3-914E-D0A865DD0EF2}.Debug|Any CPU.Build.0 = Debug|Any CPU
		{AC2B4AEA-F88E-48A3-914E-D0A865DD0EF2}.Release|Any CPU.ActiveCfg = Release|Any CPU
		{AC2B4AEA-F88E-48A3-914E-D0A865DD0EF2}.Release|Any CPU.Build.0 = Release|Any CPU
	EndGlobalSection
	GlobalSection(SolutionProperties) = preSolution
		HideSolutionNode = FALSE
	EndGlobalSection
	GlobalSection(ExtensibilityGlobals) = postSolution
		SolutionGuid = {62E6355D-BDAE-4AE6-A258-5014B355747B}
	EndGlobalSection
EndGlobal
